PODS:
  - Flutter (1.0.0)
  - flutter_deepar (0.0.1):
    - Flutter
  - path_provider (0.0.1):
    - Flutter
  - "permission_handler (5.1.0+2)":
    - Flutter
  - photo_manager (0.0.1):
    - Flutter
    - FlutterMacOS
  - video_player (0.0.1):
    - Flutter

DEPENDENCIES:
  - Flutter (from `Flutter`)
  - flutter_deepar (from `.symlinks/plugins/flutter_deepar/ios`)
  - path_provider (from `.symlinks/plugins/path_provider/ios`)
  - permission_handler (from `.symlinks/plugins/permission_handler/ios`)
  - photo_manager (from `.symlinks/plugins/photo_manager/ios`)
  - video_player (from `.symlinks/plugins/video_player/ios`)

EXTERNAL SOURCES:
  Flutter:
    :path: Flutter
  flutter_deepar:
    :path: ".symlinks/plugins/flutter_deepar/ios"
  path_provider:
    :path: ".symlinks/plugins/path_provider/ios"
  permission_handler:
    :path: ".symlinks/plugins/permission_handler/ios"
  photo_manager:
    :path: ".symlinks/plugins/photo_manager/ios"
  video_player:
    :path: ".symlinks/plugins/video_player/ios"

SPEC CHECKSUMS:
  Flutter: 50d75fe2f02b26cc09d224853bb45737f8b3214a
  flutter_deepar: ad50bb9d73129e7b080ea89f0ab209303be8bc72
  path_provider: abfe2b5c733d04e238b0d8691db0cfd63a27a93c
  permission_handler: ccb20a9fad0ee9b1314a52b70b76b473c5f8dab0
  photo_manager: 61cdd6835af271b9ad1bb533fccf71d5db02fff3
  video_player: 9cc823b1d9da7e8427ee591e8438bfbcde500e6e

PODFILE CHECKSUM: 36198d7ecb91f6364885ac3caace0547b8de5aa6

COCOAPODS: 1.11.2
